
Microsoft Visual Studio Solution File, Format Version 12.00
# Visual Studio 15
VisualStudioVersion = 15.0.28307.1022
MinimumVisualStudioVersion = 10.0.40219.1
Project("{FAE04EC0-301F-11D3-BF4B-00C04F79EFBC}") = "bank", "bank\bank.csproj", "{0A58E0E0-5C6E-4EF0-9AF0-73CD2FC07897}"
EndProject
Global
	GlobalSection(SolutionConfigurationPlatforms) = preSolution
		Debug|Any CPU = Debug|Any CPU
		Release|Any CPU = Release|Any CPU
	EndGlobalSection
	GlobalSection(ProjectConfigurationPlatforms) = postSolution
		{0A58E0E0-5C6E-4EF0-9AF0-73CD2FC07897}.Debug|Any CPU.ActiveCfg = Debug|Any CPU
		{0A58E0E0-5C6E-4EF0-9AF0-73CD2FC07897}.Debug|Any CPU.Build.0 = Debug|Any CPU
		{0A58E0E0-5C6E-4EF0-9AF0-73CD2FC07897}.Release|Any CPU.ActiveCfg = Release|Any CPU
		{0A58E0E0-5C6E-4EF0-9AF0-73CD2FC07897}.Release|Any CPU.Build.0 = Release|Any CPU
	EndGlobalSection
	GlobalSection(SolutionProperties) = preSolution
		HideSolutionNode = FALSE
	EndGlobalSection
	GlobalSection(ExtensibilityGlobals) = postSolution
		SolutionGuid = {09056CEB-EB45-4042-8BBC-40607684FE67}
	EndGlobalSection
EndGlobal
